
Microsoft Visual Studio Solution File, Format Version 12.00
# Visual Studio Version 16
VisualStudioVersion = 16.0.29409.12
MinimumVisualStudioVersion = 10.0.40219.1
Project("{9A19103F-16F7-4668-BE54-9A1E7A4F7556}") = "CodingExercise.Address.Console", "CodingExercise.Address.Console\CodingExercise.Address.Console.csproj", "{11198CDB-7586-4476-84F4-2CCE1A24440A}"
EndProject
Project("{9A19103F-16F7-4668-BE54-9A1E7A4F7556}") = "CodingExercise.Address.Domain", "CodingExercise.Address.Domain\CodingExercise.Address.Domain.csproj", "{8524DFC7-5F9A-424D-9882-DE39FA0EFF87}"
EndProject
Project("{9A19103F-16F7-4668-BE54-9A1E7A4F7556}") = "CodingExercise.Address.UnitTest", "CodingExercise.Address.Test\CodingExercise.Address.UnitTest.csproj", "{C73E8332-1737-46BF-91D4-31712398A78A}"
EndProject
Global
	GlobalSection(SolutionConfigurationPlatforms) = preSolution
		Debug|Any CPU = Debug|Any CPU
		Release|Any CPU = Release|Any CPU
	EndGlobalSection
	GlobalSection(ProjectConfigurationPlatforms) = postSolution
		{11198CDB-7586-4476-84F4-2CCE1A24440A}.Debug|Any CPU.ActiveCfg = Debug|Any CPU
		{11198CDB-7586-4476-84F4-2CCE1A24440A}.Debug|Any CPU.Build.0 = Debug|Any CPU
		{11198CDB-7586-4476-84F4-2CCE1A24440A}.Release|Any CPU.ActiveCfg = Release|Any CPU
		{11198CDB-7586-4476-84F4-2CCE1A24440A}.Release|Any CPU.Build.0 = Release|Any CPU
		{8524DFC7-5F9A-424D-9882-DE39FA0EFF87}.Debug|Any CPU.ActiveCfg = Debug|Any CPU
		{8524DFC7-5F9A-424D-9882-DE39FA0EFF87}.Debug|Any CPU.Build.0 = Debug|Any CPU
		{8524DFC7-5F9A-424D-9882-DE39FA0EFF87}.Release|Any CPU.ActiveCfg = Release|Any CPU
		{8524DFC7-5F9A-424D-9882-DE39FA0EFF87}.Release|Any CPU.Build.0 = Release|Any CPU
		{C73E8332-1737-46BF-91D4-31712398A78A}.Debug|Any CPU.ActiveCfg = Debug|Any CPU
		{C73E8332-1737-46BF-91D4-31712398A78A}.Debug|Any CPU.Build.0 = Debug|Any CPU
		{C73E8332-1737-46BF-91D4-31712398A78A}.Release|Any CPU.ActiveCfg = Release|Any CPU
		{C73E8332-1737-46BF-91D4-31712398A78A}.Release|Any CPU.Build.0 = Release|Any CPU
	EndGlobalSection
	GlobalSection(SolutionProperties) = preSolution
		HideSolutionNode = FALSE
	EndGlobalSection
	GlobalSection(ExtensibilityGlobals) = postSolution
		SolutionGuid = {BDD53BAF-A434-4F1D-BAE0-2ACF3C14AC4C}
	EndGlobalSection
EndGlobal
